
Microsoft Visual Studio Solution File, Format Version 12.00
# Visual Studio Version 17
VisualStudioVersion = 17.7.34221.43
MinimumVisualStudioVersion = 10.0.40219.1
Project("{FAE04EC0-301F-11D3-BF4B-00C04F79EFBC}") = "MonsterTradingCardGame", "MonsterTradingCardGame\MonsterTradingCardGame.csproj", "{AAD164CA-8E71-44F0-A520-E54561EC4A01}"
EndProject
Global
	GlobalSection(SolutionConfigurationPlatforms) = preSolution
		Debug|Any CPU = Debug|Any CPU
		Release|Any CPU = Release|Any CPU
	EndGlobalSection
	GlobalSection(ProjectConfigurationPlatforms) = postSolution
		{AAD164CA-8E71-44F0-A520-E54561EC4A01}.Debug|Any CPU.ActiveCfg = Debug|Any CPU
		{AAD164CA-8E71-44F0-A520-E54561EC4A01}.Debug|Any CPU.Build.0 = Debug|Any CPU
		{AAD164CA-8E71-44F0-A520-E54561EC4A01}.Release|Any CPU.ActiveCfg = Release|Any CPU
		{AAD164CA-8E71-44F0-A520-E54561EC4A01}.Release|Any CPU.Build.0 = Release|Any CPU
	EndGlobalSection
	GlobalSection(SolutionProperties) = preSolution
		HideSolutionNode = FALSE
	EndGlobalSection
	GlobalSection(ExtensibilityGlobals) = postSolution
		SolutionGuid = {FD461A7D-6999-4224-B601-671C05640569}
	EndGlobalSection
EndGlobal
